// !$*UTF8*$!
{
	archiveVersion = 1;
	classes = {
	};
	objectVersion = 50;
	objects = {

/* Begin PBXBuildFile section */
		0038884122EC88FB00CE69E5 /* CustomCell.swift in Sources */ = {isa = PBXBuildFile; fileRef = 0038884022EC88FA00CE69E5 /* CustomCell.swift */; };
		99F4F51822EC1EE000FAFEAD /* AppDelegate.swift in Sources */ = {isa = PBXBuildFile; fileRef = 99F4F51722EC1EE000FAFEAD /* AppDelegate.swift */; };
		99F4F51A22EC1EE000FAFEAD /* ViewController.swift in Sources */ = {isa = PBXBuildFile; fileRef = 99F4F51922EC1EE000FAFEAD /* ViewController.swift */; };
		99F4F51D22EC1EE000FAFEAD /* Main.storyboard in Resources */ = {isa = PBXBuildFile; fileRef = 99F4F51B22EC1EE000FAFEAD /* Main.storyboard */; };
		99F4F51F22EC1EE100FAFEAD /* Assets.xcassets in Resources */ = {isa = PBXBuildFile; fileRef = 99F4F51E22EC1EE100FAFEAD /* Assets.xcassets */; };
		99F4F52222EC1EE100FAFEAD /* LaunchScreen.storyboard in Resources */ = {isa = PBXBuildFile; fileRef = 99F4F52022EC1EE100FAFEAD /* LaunchScreen.storyboard */; };
		99F4F52D22EC1EE100FAFEAD /* TableViewHeightsTests.swift in Sources */ = {isa = PBXBuildFile; fileRef = 99F4F52C22EC1EE100FAFEAD /* TableViewHeightsTests.swift */; };
/* End PBXBuildFile section */

/* Begin PBXContainerItemProxy section */
		99F4F52922EC1EE100FAFEAD /* PBXContainerItemProxy */ = {
			isa = PBXContainerItemProxy;
			containerPortal = 99F4F50C22EC1EE000FAFEAD /* Project object */;
			proxyType = 1;
			remoteGlobalIDString = 99F4F51322EC1EE000FAFEAD;
			remoteInfo = TableViewHeights;
		};
/* End PBXContainerItemProxy section */

/* Begin PBXFileReference section */
		0038884022EC88FA00CE69E5 /* CustomCell.swift */ = {isa = PBXFileReference; lastKnownFileType = sourcecode.swift; path = CustomCell.swift; sourceTree = "<group>"; };
		99F4F51422EC1EE000FAFEAD /* TableViewHeights.app */ = {isa = PBXFileReference; explicitFileType = wrapper.application; includeInIndex = 0; path = TableViewHeights.app; sourceTree = BUILT_PRODUCTS_DIR; };
		99F4F51722EC1EE000FAFEAD /* AppDelegate.swift */ = {isa = PBXFileReference; lastKnownFileType = sourcecode.swift; path = AppDelegate.swift; sourceTree = "<group>"; };
		99F4F51922EC1EE000FAFEAD /* ViewController.swift */ = {isa = PBXFileReference; lastKnownFileType = sourcecode.swift; path = ViewController.swift; sourceTree = "<group>"; };
		99F4F51C22EC1EE000FAFEAD /* Base */ = {isa = PBXFileReference; lastKnownFileType = file.storyboard; name = Base; path = Base.lproj/Main.storyboard; sourceTree = "<group>"; };
		99F4F51E22EC1EE100FAFEAD /* Assets.xcassets */ = {isa = PBXFileReference; lastKnownFileType = folder.assetcatalog; path = Assets.xcassets; sourceTree = "<group>"; };
		99F4F52122EC1EE100FAFEAD /* Base */ = {isa = PBXFileReference; lastKnownFileType = file.storyboard; name = Base; path = Base.lproj/LaunchScreen.storyboard; sourceTree = "<group>"; };
		99F4F52322EC1EE100FAFEAD /* Info.plist */ = {isa = PBXFileReference; lastKnownFileType = text.plist.xml; path = Info.plist; sourceTree = "<group>"; };
		99F4F52822EC1EE100FAFEAD /* TableViewHeightsTests.xctest */ = {isa = PBXFileReference; explicitFileType = wrapper.cfbundle; includeInIndex = 0; path = TableViewHeightsTests.xctest; sourceTree = BUILT_PRODUCTS_DIR; };
		99F4F52C22EC1EE100FAFEAD /* TableViewHeightsTests.swift */ = {isa = PBXFileReference; lastKnownFileType = sourcecode.swift; path = TableViewHeightsTests.swift; sourceTree = "<group>"; };
		99F4F52E22EC1EE100FAFEAD /* Info.plist */ = {isa = PBXFileReference; lastKnownFileType = text.plist.xml; path = Info.plist; sourceTree = "<group>"; };
/* End PBXFileReference section */

/* Begin PBXFrameworksBuildPhase section */
		99F4F51122EC1EE000FAFEAD /* Frameworks */ = {
			isa = PBXFrameworksBuildPhase;
			buildActionMask = 2147483647;
			files = (
			);
			runOnlyForDeploymentPostprocessing = 0;
		};
		99F4F52522EC1EE100FAFEAD /* Frameworks */ = {
			isa = PBXFrameworksBuildPhase;
			buildActionMask = 2147483647;
			files = (
			);
			runOnlyForDeploymentPostprocessing = 0;
		};
/* End PBXFrameworksBuildPhase section */

/* Begin PBXGroup section */
		99F4F50B22EC1EE000FAFEAD = {
			isa = PBXGroup;
			children = (
				99F4F51622EC1EE000FAFEAD /* TableViewHeights */,
				99F4F52B22EC1EE100FAFEAD /* TableViewHeightsTests */,
				99F4F51522EC1EE000FAFEAD /* Products */,
			);
			sourceTree = "<group>";
		};
		99F4F51522EC1EE000FAFEAD /* Products */ = {
			isa = PBXGroup;
			children = (
				99F4F51422EC1EE000FAFEAD /* TableViewHeights.app */,
				99F4F52822EC1EE100FAFEAD /* TableViewHeightsTests.xctest */,
			);
			name = Products;
			sourceTree = "<group>";
		};
		99F4F51622EC1EE000FAFEAD /* TableViewHeights */ = {
			isa = PBXGroup;
			children = (
				99F4F51722EC1EE000FAFEAD /* AppDelegate.swift */,
				99F4F51922EC1EE000FAFEAD /* ViewController.swift */,
				0038884022EC88FA00CE69E5 /* CustomCell.swift */,
				99F4F51B22EC1EE000FAFEAD /* Main.storyboard */,
				99F4F51E22EC1EE100FAFEAD /* Assets.xcassets */,
				99F4F52022EC1EE100FAFEAD /* LaunchScreen.storyboard */,
				99F4F52322EC1EE100FAFEAD /* Info.plist */,
			);
			path = TableViewHeights;
			sourceTree = "<group>";
		};
		99F4F52B22EC1EE100FAFEAD /* TableViewHeightsTests */ = {
			isa = PBXGroup;
			children = (
				99F4F52C22EC1EE100FAFEAD /* TableViewHeightsTests.swift */,
				99F4F52E22EC1EE100FAFEAD /* Info.plist */,
			);
			path = TableViewHeightsTests;
			sourceTree = "<group>";
		};
/* End PBXGroup section */

/* Begin PBXNativeTarget section */
		99F4F51322EC1EE000FAFEAD /* TableViewHeights */ = {
			isa = PBXNativeTarget;
			buildConfigurationList = 99F4F53122EC1EE100FAFEAD /* Build configuration list for PBXNativeTarget "TableViewHeights" */;
			buildPhases = (
				99F4F51022EC1EE000FAFEAD /* Sources */,
				99F4F51122EC1EE000FAFEAD /* Frameworks */,
				99F4F51222EC1EE000FAFEAD /* Resources */,
			);
			buildRules = (
			);
			dependencies = (
			);
			name = TableViewHeights;
			productName = TableViewHeights;
			productReference = 99F4F51422EC1EE000FAFEAD /* TableViewHeights.app */;
			productType = "com.apple.product-type.application";
		};
		99F4F52722EC1EE100FAFEAD /* TableViewHeightsTests */ = {
			isa = PBXNativeTarget;
			buildConfigurationList = 99F4F53422EC1EE100FAFEAD /* Build configuration list for PBXNativeTarget "TableViewHeightsTests" */;
			buildPhases = (
				99F4F52422EC1EE100FAFEAD /* Sources */,
				99F4F52522EC1EE100FAFEAD /* Frameworks */,
				99F4F52622EC1EE100FAFEAD /* Resources */,
			);
			buildRules = (
			);
			dependencies = (
				99F4F52A22EC1EE100FAFEAD /* PBXTargetDependency */,
			);
			name = TableViewHeightsTests;
			productName = TableViewHeightsTests;
			productReference = 99F4F52822EC1EE100FAFEAD /* TableViewHeightsTests.xctest */;
			productType = "com.apple.product-type.bundle.unit-test";
		};
/* End PBXNativeTarget section */

/* Begin PBXProject section */
		99F4F50C22EC1EE000FAFEAD /* Project object */ = {
			isa = PBXProject;
			attributes = {
				LastSwiftUpdateCheck = 1020;
				LastUpgradeCheck = 1020;
				ORGANIZATIONNAME = waybu;
				TargetAttributes = {
					99F4F51322EC1EE000FAFEAD = {
						CreatedOnToolsVersion = 10.2.1;
					};
					99F4F52722EC1EE100FAFEAD = {
						CreatedOnToolsVersion = 10.2.1;
						TestTargetID = 99F4F51322EC1EE000FAFEAD;
					};
				};
			};
			buildConfigurationList = 99F4F50F22EC1EE000FAFEAD /* Build configuration list for PBXProject "TableViewHeights" */;
			compatibilityVersion = "Xcode 9.3";
			developmentRegion = en;
			hasScannedForEncodings = 0;
			knownRegions = (
				en,
				Base,
			);
			mainGroup = 99F4F50B22EC1EE000FAFEAD;
			productRefGroup = 99F4F51522EC1EE000FAFEAD /* Products */;
			projectDirPath = "";
			projectRoot = "";
			targets = (
				99F4F51322EC1EE000FAFEAD /* TableViewHeights */,
				99F4F52722EC1EE100FAFEAD /* TableViewHeightsTests */,
			);
		};
/* End PBXProject section */

/* Begin PBXResourcesBuildPhase section */
		99F4F51222EC1EE000FAFEAD /* Resources */ = {
			isa = PBXResourcesBuildPhase;
			buildActionMask = 2147483647;
			files = (
				99F4F52222EC1EE100FAFEAD /* LaunchScreen.storyboard in Resources */,
				99F4F51F22EC1EE100FAFEAD /* Assets.xcassets in Resources */,
				99F4F51D22EC1EE000FAFEAD /* Main.storyboard in Resources */,
			);
			runOnlyForDeploymentPostprocessing = 0;
		};
		99F4F52622EC1EE100FAFEAD /* Resources */ = {
			isa = PBXResourcesBuildPhase;
			buildActionMask = 2147483647;
			files = (
			);
			runOnlyForDeploymentPostprocessing = 0;
		};
/* End PBXResourcesBuildPhase section */

/* Begin PBXSourcesBuildPhase section */
		99F4F51022EC1EE000FAFEAD /* Sources */ = {
			isa = PBXSourcesBuildPhase;
			buildActionMask = 2147483647;
			files = (
				99F4F51A22EC1EE000FAFEAD /* ViewController.swift in Sources */,
				0038884122EC88FB00CE69E5 /* CustomCell.swift in Sources */,
				99F4F51822EC1EE000FAFEAD /* AppDelegate.swift in Sources */,
			);
			runOnlyForDeploymentPostprocessing = 0;
		};
		99F4F52422EC1EE100FAFEAD /* Sources */ = {
			isa = PBXSourcesBuildPhase;
			buildActionMask = 2147483647;
			files = (
				99F4F52D22EC1EE100FAFEAD /* TableViewHeightsTests.swift in Sources */,
			);
			runOnlyForDeploymentPostprocessing = 0;
		};
/* End PBXSourcesBuildPhase section */

/* Begin PBXTargetDependency section */
		99F4F52A22EC1EE100FAFEAD /* PBXTargetDependency */ = {
			isa = PBXTargetDependency;
			target = 99F4F51322EC1EE000FAFEAD /* TableViewHeights */;
			targetProxy = 99F4F52922EC1EE100FAFEAD /* PBXContainerItemProxy */;
		};
/* End PBXTargetDependency section */

/* Begin PBXVariantGroup section */
		99F4F51B22EC1EE000FAFEAD /* Main.storyboard */ = {
			isa = PBXVariantGroup;
			children = (
				99F4F51C22EC1EE000FAFEAD /* Base */,
			);
			name = Main.storyboard;
			sourceTree = "<group>";
		};
		99F4F52022EC1EE100FAFEAD /* LaunchScreen.storyboard */ = {
			isa = PBXVariantGroup;
			children = (
				99F4F52122EC1EE100FAFEAD /* Base */,
			);
			name = LaunchScreen.storyboard;
			sourceTree = "<group>";
		};
/* End PBXVariantGroup section */

/* Begin XCBuildConfiguration section */
		99F4F52F22EC1EE100FAFEAD /* Debug */ = {
			isa = XCBuildConfiguration;
			buildSettings = {
				ALWAYS_SEARCH_USER_PATHS = NO;
				CLANG_ANALYZER_NONNULL = YES;
				CLANG_ANALYZER_NUMBER_OBJECT_CONVERSION = YES_AGGRESSIVE;
				CLANG_CXX_LANGUAGE_STANDARD = "gnu++14";
				CLANG_CXX_LIBRARY = "libc++";
				CLANG_ENABLE_MODULES = YES;
				CLANG_ENABLE_OBJC_ARC = YES;
				CLANG_ENABLE_OBJC_WEAK = YES;
				CLANG_WARN_BLOCK_CAPTURE_AUTORELEASING = YES;
				CLANG_WARN_BOOL_CONVERSION = YES;
				CLANG_WARN_COMMA = YES;
				CLANG_WARN_CONSTANT_CONVERSION = YES;
				CLANG_WARN_DEPRECATED_OBJC_IMPLEMENTATIONS = YES;
				CLANG_WARN_DIRECT_OBJC_ISA_USAGE = YES_ERROR;
				CLANG_WARN_DOCUMENTATION_COMMENTS = YES;
				CLANG_WARN_EMPTY_BODY = YES;
				CLANG_WARN_ENUM_CONVERSION = YES;
				CLANG_WARN_INFINITE_RECURSION = YES;
				CLANG_WARN_INT_CONVERSION = YES;
				CLANG_WARN_NON_LITERAL_NULL_CONVERSION = YES;
				CLANG_WARN_OBJC_IMPLICIT_RETAIN_SELF = YES;
				CLANG_WARN_OBJC_LITERAL_CONVERSION = YES;
				CLANG_WARN_OBJC_ROOT_CLASS = YES_ERROR;
				CLANG_WARN_RANGE_LOOP_ANALYSIS = YES;
				CLANG_WARN_STRICT_PROTOTYPES = YES;
				CLANG_WARN_SUSPICIOUS_MOVE = YES;
				CLANG_WARN_UNGUARDED_AVAILABILITY = YES_AGGRESSIVE;
				CLANG_WARN_UNREACHABLE_CODE = YES;
				CLANG_WARN__DUPLICATE_METHOD_MATCH = YES;
				CODE_SIGN_IDENTITY = "iPhone Developer";
				COPY_PHASE_STRIP = NO;
				DEBUG_INFORMATION_FORMAT = dwarf;
				ENABLE_STRICT_OBJC_MSGSEND = YES;
				ENABLE_TESTABILITY = YES;
				GCC_C_LANGUAGE_STANDARD = gnu11;
				GCC_DYNAMIC_NO_PIC = NO;
				GCC_NO_COMMON_BLOCKS = YES;
				GCC_OPTIMIZATION_LEVEL = 0;
				GCC_PREPROCESSOR_DEFINITIONS = (
					"DEBUG=1",
					"$(inherited)",
				);
				GCC_WARN_64_TO_32_BIT_CONVERSION = YES;
				GCC_WARN_ABOUT_RETURN_TYPE = YES_ERROR;
				GCC_WARN_UNDECLARED_SELECTOR = YES;
				GCC_WARN_UNINITIALIZED_AUTOS = YES_AGGRESSIVE;
				GCC_WARN_UNUSED_FUNCTION = YES;
				GCC_WARN_UNUSED_VARIABLE = YES;
				IPHONEOS_DEPLOYMENT_TARGET = 12.2;
				MTL_ENABLE_DEBUG_INFO = INCLUDE_SOURCE;
				MTL_FAST_MATH = YES;
				ONLY_ACTIVE_ARCH = YES;
				SDKROOT = iphoneos;
				SWIFT_ACTIVE_COMPILATION_CONDITIONS = DEBUG;
				SWIFT_OPTIMIZATION_LEVEL = "-Onone";
			};
			name = Debug;
		};
		99F4F53022EC1EE100FAFEAD /* Release */ = {
			isa = XCBuildConfiguration;
			buildSettings = {
				ALWAYS_SEARCH_USER_PATHS = NO;
				CLANG_ANALYZER_NONNULL = YES;
				CLANG_ANALYZER_NUMBER_OBJECT_CONVERSION = YES_AGGRESSIVE;
				CLANG_CXX_LANGUAGE_STANDARD = "gnu++14";
				CLANG_CXX_LIBRARY = "libc++";
				CLANG_ENABLE_MODULES = YES;
				CLANG_ENABLE_OBJC_ARC = YES;
				CLANG_ENABLE_OBJC_WEAK = YES;
				CLANG_WARN_BLOCK_CAPTURE_AUTORELEASING = YES;
				CLANG_WARN_BOOL_CONVERSION = YES;
				CLANG_WARN_COMMA = YES;
				CLANG_WARN_CONSTANT_CONVERSION = YES;
				CLANG_WARN_DEPRECATED_OBJC_IMPLEMENTATIONS = YES;
				CLANG_WARN_DIRECT_OBJC_ISA_USAGE = YES_ERROR;
				CLANG_WARN_DOCUMENTATION_COMMENTS = YES;
				CLANG_WARN_EMPTY_BODY = YES;
				CLANG_WARN_ENUM_CONVERSION = YES;
				CLANG_WARN_INFINITE_RECURSION = YES;
				CLANG_WARN_INT_CONVERSION = YES;
				CLANG_WARN_NON_LITERAL_NULL_CONVERSION = YES;
				CLANG_WARN_OBJC_IMPLICIT_RETAIN_SELF = YES;
				CLANG_WARN_OBJC_LITERAL_CONVERSION = YES;
				CLANG_WARN_OBJC_ROOT_CLASS = YES_ERROR;
				CLANG_WARN_RANGE_LOOP_ANALYSIS = YES;
				CLANG_WARN_STRICT_PROTOTYPES = YES;
				CLANG_WARN_SUSPICIOUS_MOVE = YES;
				CLANG_WARN_UNGUARDED_AVAILABILITY = YES_AGGRESSIVE;
				CLANG_WARN_UNREACHABLE_CODE = YES;
				CLANG_WARN__DUPLICATE_METHOD_MATCH = YES;
				CODE_SIGN_IDENTITY = "iPhone Developer";
				COPY_PHASE_STRIP = NO;
				DEBUG_INFORMATION_FORMAT = "dwarf-with-dsym";
				ENABLE_NS_ASSERTIONS = NO;
				ENABLE_STRICT_OBJC_MSGSEND = YES;
				GCC_C_LANGUAGE_STANDARD = gnu11;
				GCC_NO_COMMON_BLOCKS = YES;
				GCC_WARN_64_TO_32_BIT_CONVERSION = YES;
				GCC_WARN_ABOUT_RETURN_TYPE = YES_ERROR;
				GCC_WARN_UNDECLARED_SELECTOR = YES;
				GCC_WARN_UNINITIALIZED_AUTOS = YES_AGGRESSIVE;
				GCC_WARN_UNUSED_FUNCTION = YES;
				GCC_WARN_UNUSED_VARIABLE = YES;
				IPHONEOS_DEPLOYMENT_TARGET = 12.2;
				MTL_ENABLE_DEBUG_INFO = NO;
				MTL_FAST_MATH = YES;
				SDKROOT = iphoneos;
				SWIFT_COMPILATION_MODE = wholemodule;
				SWIFT_OPTIMIZATION_LEVEL = "-O";
				VALIDATE_PRODUCT = YES;
			};
			name = Release;
		};
		99F4F53222EC1EE100FAFEAD /* Debug */ = {
			isa = XCBuildConfiguration;
			buildSettings = {
				ASSETCATALOG_COMPILER_APPICON_NAME = AppIcon;
				CODE_SIGN_STYLE = Automatic;
				DEVELOPMENT_TEAM = TUEV87N5GC;
				INFOPLIST_FILE = TableViewHeights/Info.plist;
				LD_RUNPATH_SEARCH_PATHS = (
					"$(inherited)",
					"@executable_path/Frameworks",
				);
				PRODUCT_BUNDLE_IDENTIFIER = com.waybu.TableViewHeights;
				PRODUCT_NAME = "$(TARGET_NAME)";
				SWIFT_VERSION = 5.0;
				TARGETED_DEVICE_FAMILY = "1,2";
			};
			name = Debug;
		};
		99F4F53322EC1EE100FAFEAD /* Release */ = {
			isa = XCBuildConfiguration;
			buildSettings = {
				ASSETCATALOG_COMPILER_APPICON_NAME = AppIcon;
				CODE_SIGN_STYLE = Automatic;
				DEVELOPMENT_TEAM = TUEV87N5GC;
				INFOPLIST_FILE = TableViewHeights/Info.plist;
				LD_RUNPATH_SEARCH_PATHS = (
					"$(inherited)",
					"@executable_path/Frameworks",
				);
				PRODUCT_BUNDLE_IDENTIFIER = com.waybu.TableViewHeights;
				PRODUCT_NAME = "$(TARGET_NAME)";
				SWIFT_VERSION = 5.0;
				TARGETED_DEVICE_FAMILY = "1,2";
			};
			name = Release;
		};
		99F4F53522EC1EE100FAFEAD /* Debug */ = {
			isa = XCBuildConfiguration;
			buildSettings = {
				ALWAYS_EMBED_SWIFT_STANDARD_LIBRARIES = YES;
				BUNDLE_LOADER = "$(TEST_HOST)";
				CODE_SIGN_STYLE = Automatic;
				DEVELOPMENT_TEAM = TUEV87N5GC;
				INFOPLIST_FILE = TableViewHeightsTests/Info.plist;
				LD_RUNPATH_SEARCH_PATHS = (
					"$(inherited)",
					"@executable_path/Frameworks",
					"@loader_path/Frameworks",
				);
				PRODUCT_BUNDLE_IDENTIFIER = com.waybu.TableViewHeightsTests;
				PRODUCT_NAME = "$(TARGET_NAME)";
				SWIFT_VERSION = 5.0;
				TARGETED_DEVICE_FAMILY = "1,2";
				TEST_HOST = "$(BUILT_PRODUCTS_DIR)/TableViewHeights.app/TableViewHeights";
			};
			name = Debug;
		};
		99F4F53622EC1EE100FAFEAD /* Release */ = {
			isa = XCBuildConfiguration;
			buildSettings = {
				ALWAYS_EMBED_SWIFT_STANDARD_LIBRARIES = YES;
				BUNDLE_LOADER = "$(TEST_HOST)";
				CODE_SIGN_STYLE = Automatic;
				DEVELOPMENT_TEAM = TUEV87N5GC;
				INFOPLIST_FILE = TableViewHeightsTests/Info.plist;
				LD_RUNPATH_SEARCH_PATHS = (
					"$(inherited)",
					"@executable_path/Frameworks",
					"@loader_path/Frameworks",
				);
				PRODUCT_BUNDLE_IDENTIFIER = com.waybu.TableViewHeightsTests;
				PRODUCT_NAME = "$(TARGET_NAME)";
				SWIFT_VERSION = 5.0;
				TARGETED_DEVICE_FAMILY = "1,2";
				TEST_HOST = "$(BUILT_PRODUCTS_DIR)/TableViewHeights.app/TableViewHeights";
			};
			name = Release;
		};
/* End XCBuildConfiguration section */

/* Begin XCConfigurationList section */
		99F4F50F22EC1EE000FAFEAD /* Build configuration list for PBXProject "TableViewHeights" */ = {
			isa = XCConfigurationList;
			buildConfigurations = (
				99F4F52F22EC1EE100FAFEAD /* Debug */,
				99F4F53022EC1EE100FAFEAD /* Release */,
			);
			defaultConfigurationIsVisible = 0;
			defaultConfigurationName = Release;
		};
		99F4F53122EC1EE100FAFEAD /* Build configuration list for PBXNativeTarget "TableViewHeights" */ = {
			isa = XCConfigurationList;
			buildConfigurations = (
				99F4F53222EC1EE100FAFEAD /* Debug */,
				99F4F53322EC1EE100FAFEAD /* Release */,
			);
			defaultConfigurationIsVisible = 0;
			defaultConfigurationName = Release;
		};
		99F4F53422EC1EE100FAFEAD /* Build configuration list for PBXNativeTarget "TableViewHeightsTests" */ = {
			isa = XCConfigurationList;
			buildConfigurations = (
				99F4F53522EC1EE100FAFEAD /* Debug */,
				99F4F53622EC1EE100FAFEAD /* Release */,
			);
			defaultConfigurationIsVisible = 0;
			defaultConfigurationName = Release;
		};
/* End XCConfigurationList section */
	};
	rootObject = 99F4F50C22EC1EE000FAFEAD /* Project object */;
}
